
Microsoft Visual Studio Solution File, Format Version 12.00
# Visual Studio 15
VisualStudioVersion = 15.0.28307.421
MinimumVisualStudioVersion = 10.0.40219.1
Project("{FAE04EC0-301F-11D3-BF4B-00C04F79EFBC}") = "NaughtsAndCrosses", "NaughtsAndCrosses\NaughtsAndCrosses.csproj", "{91F58486-2D1B-4611-80CA-A45656ADE176}"
EndProject
Global
	GlobalSection(SolutionConfigurationPlatforms) = preSolution
		Debug|Any CPU = Debug|Any CPU
		Release|Any CPU = Release|Any CPU
	EndGlobalSection
	GlobalSection(ProjectConfigurationPlatforms) = postSolution
		{91F58486-2D1B-4611-80CA-A45656ADE176}.Debug|Any CPU.ActiveCfg = Debug|Any CPU
		{91F58486-2D1B-4611-80CA-A45656ADE176}.Debug|Any CPU.Build.0 = Debug|Any CPU
		{91F58486-2D1B-4611-80CA-A45656ADE176}.Release|Any CPU.ActiveCfg = Release|Any CPU
		{91F58486-2D1B-4611-80CA-A45656ADE176}.Release|Any CPU.Build.0 = Release|Any CPU
	EndGlobalSection
	GlobalSection(SolutionProperties) = preSolution
		HideSolutionNode = FALSE
	EndGlobalSection
	GlobalSection(ExtensibilityGlobals) = postSolution
		SolutionGuid = {5BD88065-69B2-4B5A-933B-AEC218F7DEA7}
	EndGlobalSection
EndGlobal
